// !$*UTF8*$!
{
	archiveVersion = 1;
	classes = {
	};
	objectVersion = 77;
	objects = {

/* Begin PBXContainerItemProxy section */
		3120BB292CBBBDFC0044BABC /* PBXContainerItemProxy */ = {
			isa = PBXContainerItemProxy;
			containerPortal = 3120BB102CBBBDFA0044BABC /* Project object */;
			proxyType = 1;
			remoteGlobalIDString = 3120BB172CBBBDFA0044BABC;
			remoteInfo = MyCarApp;
		};
		3120BB332CBBBDFC0044BABC /* PBXContainerItemProxy */ = {
			isa = PBXContainerItemProxy;
			containerPortal = 3120BB102CBBBDFA0044BABC /* Project object */;
			proxyType = 1;
			remoteGlobalIDString = 3120BB172CBBBDFA0044BABC;
			remoteInfo = MyCarApp;
		};
/* End PBXContainerItemProxy section */

/* Begin PBXFileReference section */
		3120BB182CBBBDFA0044BABC /* MyCarApp.app */ = {isa = PBXFileReference; explicitFileType = wrapper.application; includeInIndex = 0; path = MyCarApp.app; sourceTree = BUILT_PRODUCTS_DIR; };
		3120BB282CBBBDFC0044BABC /* MyCarAppTests.xctest */ = {isa = PBXFileReference; explicitFileType = wrapper.cfbundle; includeInIndex = 0; path = MyCarAppTests.xctest; sourceTree = BUILT_PRODUCTS_DIR; };
		3120BB322CBBBDFC0044BABC /* MyCarAppUITests.xctest */ = {isa = PBXFileReference; explicitFileType = wrapper.cfbundle; includeInIndex = 0; path = MyCarAppUITests.xctest; sourceTree = BUILT_PRODUCTS_DIR; };
/* End PBXFileReference section */

/* Begin PBXFileSystemSynchronizedRootGroup section */
		3120BB1A2CBBBDFA0044BABC /* MyCarApp */ = {
			isa = PBXFileSystemSynchronizedRootGroup;
			path = MyCarApp;
			sourceTree = "<group>";
		};
		3120BB2B2CBBBDFC0044BABC /* MyCarAppTests */ = {
			isa = PBXFileSystemSynchronizedRootGroup;
			path = MyCarAppTests;
			sourceTree = "<group>";
		};
		3120BB352CBBBDFC0044BABC /* MyCarAppUITests */ = {
			isa = PBXFileSystemSynchronizedRootGroup;
			path = MyCarAppUITests;
			sourceTree = "<group>";
		};
/* End PBXFileSystemSynchronizedRootGroup section */

/* Begin PBXFrameworksBuildPhase section */
		3120BB152CBBBDFA0044BABC /* Frameworks */ = {
			isa = PBXFrameworksBuildPhase;
			buildActionMask = 2147483647;
			files = (
			);
			runOnlyForDeploymentPostprocessing = 0;
		};
		3120BB252CBBBDFC0044BABC /* Frameworks */ = {
			isa = PBXFrameworksBuildPhase;
			buildActionMask = 2147483647;
			files = (
			);
			runOnlyForDeploymentPostprocessing = 0;
		};
		3120BB2F2CBBBDFC0044BABC /* Frameworks */ = {
			isa = PBXFrameworksBuildPhase;
			buildActionMask = 2147483647;
			files = (
			);
			runOnlyForDeploymentPostprocessing = 0;
		};
/* End PBXFrameworksBuildPhase section */

/* Begin PBXGroup section */
		3120BB0F2CBBBDFA0044BABC = {
			isa = PBXGroup;
			children = (
				3120BB1A2CBBBDFA0044BABC /* MyCarApp */,
				3120BB2B2CBBBDFC0044BABC /* MyCarAppTests */,
				3120BB352CBBBDFC0044BABC /* MyCarAppUITests */,
				3120BB192CBBBDFA0044BABC /* Products */,
			);
			sourceTree = "<group>";
		};
		3120BB192CBBBDFA0044BABC /* Products */ = {
			isa = PBXGroup;
			children = (
				3120BB182CBBBDFA0044BABC /* MyCarApp.app */,
				3120BB282CBBBDFC0044BABC /* MyCarAppTests.xctest */,
				3120BB322CBBBDFC0044BABC /* MyCarAppUITests.xctest */,
			);
			name = Products;
			sourceTree = "<group>";
		};
/* End PBXGroup section */

/* Begin PBXNativeTarget section */
		3120BB172CBBBDFA0044BABC /* MyCarApp */ = {
			isa = PBXNativeTarget;
			buildConfigurationList = 3120BB3C2CBBBDFC0044BABC /* Build configuration list for PBXNativeTarget "MyCarApp" */;
			buildPhases = (
				3120BB142CBBBDFA0044BABC /* Sources */,
				3120BB152CBBBDFA0044BABC /* Frameworks */,
				3120BB162CBBBDFA0044BABC /* Resources */,
			);
			buildRules = (
			);
			dependencies = (
			);
			fileSystemSynchronizedGroups = (
				3120BB1A2CBBBDFA0044BABC /* MyCarApp */,
			);
			name = MyCarApp;
			packageProductDependencies = (
			);
			productName = MyCarApp;
			productReference = 3120BB182CBBBDFA0044BABC /* MyCarApp.app */;
			productType = "com.apple.product-type.application";
		};
		3120BB272CBBBDFC0044BABC /* MyCarAppTests */ = {
			isa = PBXNativeTarget;
			buildConfigurationList = 3120BB3F2CBBBDFC0044BABC /* Build configuration list for PBXNativeTarget "MyCarAppTests" */;
			buildPhases = (
				3120BB242CBBBDFC0044BABC /* Sources */,
				3120BB252CBBBDFC0044BABC /* Frameworks */,
				3120BB262CBBBDFC0044BABC /* Resources */,
			);
			buildRules = (
			);
			dependencies = (
				3120BB2A2CBBBDFC0044BABC /* PBXTargetDependency */,
			);
			fileSystemSynchronizedGroups = (
				3120BB2B2CBBBDFC0044BABC /* MyCarAppTests */,
			);
			name = MyCarAppTests;
			packageProductDependencies = (
			);
			productName = MyCarAppTests;
			productReference = 3120BB282CBBBDFC0044BABC /* MyCarAppTests.xctest */;
			productType = "com.apple.product-type.bundle.unit-test";
		};
		3120BB312CBBBDFC0044BABC /* MyCarAppUITests */ = {
			isa = PBXNativeTarget;
			buildConfigurationList = 3120BB422CBBBDFC0044BABC /* Build configuration list for PBXNativeTarget "MyCarAppUITests" */;
			buildPhases = (
				3120BB2E2CBBBDFC0044BABC /* Sources */,
				3120BB2F2CBBBDFC0044BABC /* Frameworks */,
				3120BB302CBBBDFC0044BABC /* Resources */,
			);
			buildRules = (
			);
			dependencies = (
				3120BB342CBBBDFC0044BABC /* PBXTargetDependency */,
			);
			fileSystemSynchronizedGroups = (
				3120BB352CBBBDFC0044BABC /* MyCarAppUITests */,
			);
			name = MyCarAppUITests;
			packageProductDependencies = (
			);
			productName = MyCarAppUITests;
			productReference = 3120BB322CBBBDFC0044BABC /* MyCarAppUITests.xctest */;
			productType = "com.apple.product-type.bundle.ui-testing";
		};
/* End PBXNativeTarget section */

/* Begin PBXProject section */
		3120BB102CBBBDFA0044BABC /* Project object */ = {
			isa = PBXProject;
			attributes = {
				BuildIndependentTargetsInParallel = 1;
				LastSwiftUpdateCheck = 1600;
				LastUpgradeCheck = 1600;
				TargetAttributes = {
					3120BB172CBBBDFA0044BABC = {
						CreatedOnToolsVersion = 16.0;
					};
					3120BB272CBBBDFC0044BABC = {
						CreatedOnToolsVersion = 16.0;
						TestTargetID = 3120BB172CBBBDFA0044BABC;
					};
					3120BB312CBBBDFC0044BABC = {
						CreatedOnToolsVersion = 16.0;
						TestTargetID = 3120BB172CBBBDFA0044BABC;
					};
				};
			};
			buildConfigurationList = 3120BB132CBBBDFA0044BABC /* Build configuration list for PBXProject "MyCarApp" */;
			developmentRegion = en;
			hasScannedForEncodings = 0;
			knownRegions = (
				en,
				Base,
			);
			mainGroup = 3120BB0F2CBBBDFA0044BABC;
			minimizedProjectReferenceProxies = 1;
			preferredProjectObjectVersion = 77;
			productRefGroup = 3120BB192CBBBDFA0044BABC /* Products */;
			projectDirPath = "";
			projectRoot = "";
			targets = (
				3120BB172CBBBDFA0044BABC /* MyCarApp */,
				3120BB272CBBBDFC0044BABC /* MyCarAppTests */,
				3120BB312CBBBDFC0044BABC /* MyCarAppUITests */,
			);
		};
/* End PBXProject section */

/* Begin PBXResourcesBuildPhase section */
		3120BB162CBBBDFA0044BABC /* Resources */ = {
			isa = PBXResourcesBuildPhase;
			buildActionMask = 2147483647;
			files = (
			);
			runOnlyForDeploymentPostprocessing = 0;
		};
		3120BB262CBBBDFC0044BABC /* Resources */ = {
			isa = PBXResourcesBuildPhase;
			buildActionMask = 2147483647;
			files = (
			);
			runOnlyForDeploymentPostprocessing = 0;
		};
		3120BB302CBBBDFC0044BABC /* Resources */ = {
			isa = PBXResourcesBuildPhase;
			buildActionMask = 2147483647;
			files = (
			);
			runOnlyForDeploymentPostprocessing = 0;
		};
/* End PBXResourcesBuildPhase section */

/* Begin PBXSourcesBuildPhase section */
		3120BB142CBBBDFA0044BABC /* Sources */ = {
			isa = PBXSourcesBuildPhase;
			buildActionMask = 2147483647;
			files = (
			);
			runOnlyForDeploymentPostprocessing = 0;
		};
		3120BB242CBBBDFC0044BABC /* Sources */ = {
			isa = PBXSourcesBuildPhase;
			buildActionMask = 2147483647;
			files = (
			);
			runOnlyForDeploymentPostprocessing = 0;
		};
		3120BB2E2CBBBDFC0044BABC /* Sources */ = {
			isa = PBXSourcesBuildPhase;
			buildActionMask = 2147483647;
			files = (
			);
			runOnlyForDeploymentPostprocessing = 0;
		};
/* End PBXSourcesBuildPhase section */

/* Begin PBXTargetDependency section */
		3120BB2A2CBBBDFC0044BABC /* PBXTargetDependency */ = {
			isa = PBXTargetDependency;
			target = 3120BB172CBBBDFA0044BABC /* MyCarApp */;
			targetProxy = 3120BB292CBBBDFC0044BABC /* PBXContainerItemProxy */;
		};
		3120BB342CBBBDFC0044BABC /* PBXTargetDependency */ = {
			isa = PBXTargetDependency;
			target = 3120BB172CBBBDFA0044BABC /* MyCarApp */;
			targetProxy = 3120BB332CBBBDFC0044BABC /* PBXContainerItemProxy */;
		};
/* End PBXTargetDependency section */

/* Begin XCBuildConfiguration section */
		3120BB3A2CBBBDFC0044BABC /* Debug */ = {
			isa = XCBuildConfiguration;
			buildSettings = {
				ALWAYS_SEARCH_USER_PATHS = NO;
				ASSETCATALOG_COMPILER_GENERATE_SWIFT_ASSET_SYMBOL_EXTENSIONS = YES;
				CLANG_ANALYZER_NONNULL = YES;
				CLANG_ANALYZER_NUMBER_OBJECT_CONVERSION = YES_AGGRESSIVE;
				CLANG_CXX_LANGUAGE_STANDARD = "gnu++20";
				CLANG_ENABLE_MODULES = YES;
				CLANG_ENABLE_OBJC_ARC = YES;
				CLANG_ENABLE_OBJC_WEAK = YES;
				CLANG_WARN_BLOCK_CAPTURE_AUTORELEASING = YES;
				CLANG_WARN_BOOL_CONVERSION = YES;
				CLANG_WARN_COMMA = YES;
				CLANG_WARN_CONSTANT_CONVERSION = YES;
				CLANG_WARN_DEPRECATED_OBJC_IMPLEMENTATIONS = YES;
				CLANG_WARN_DIRECT_OBJC_ISA_USAGE = YES_ERROR;
				CLANG_WARN_DOCUMENTATION_COMMENTS = YES;
				CLANG_WARN_EMPTY_BODY = YES;
				CLANG_WARN_ENUM_CONVERSION = YES;
				CLANG_WARN_INFINITE_RECURSION = YES;
				CLANG_WARN_INT_CONVERSION = YES;
				CLANG_WARN_NON_LITERAL_NULL_CONVERSION = YES;
				CLANG_WARN_OBJC_IMPLICIT_RETAIN_SELF = YES;
				CLANG_WARN_OBJC_LITERAL_CONVERSION = YES;
				CLANG_WARN_OBJC_ROOT_CLASS = YES_ERROR;
				CLANG_WARN_QUOTED_INCLUDE_IN_FRAMEWORK_HEADER = YES;
				CLANG_WARN_RANGE_LOOP_ANALYSIS = YES;
				CLANG_WARN_STRICT_PROTOTYPES = YES;
				CLANG_WARN_SUSPICIOUS_MOVE = YES;
				CLANG_WARN_UNGUARDED_AVAILABILITY = YES_AGGRESSIVE;
				CLANG_WARN_UNREACHABLE_CODE = YES;
				CLANG_WARN__DUPLICATE_METHOD_MATCH = YES;
				COPY_PHASE_STRIP = NO;
				DEBUG_INFORMATION_FORMAT = dwarf;
				ENABLE_STRICT_OBJC_MSGSEND = YES;
				ENABLE_TESTABILITY = YES;
				ENABLE_USER_SCRIPT_SANDBOXING = YES;
				GCC_C_LANGUAGE_STANDARD = gnu17;
				GCC_DYNAMIC_NO_PIC = NO;
				GCC_NO_COMMON_BLOCKS = YES;
				GCC_OPTIMIZATION_LEVEL = 0;
				GCC_PREPROCESSOR_DEFINITIONS = (
					"DEBUG=1",
					"$(inherited)",
				);
				GCC_WARN_64_TO_32_BIT_CONVERSION = YES;
				GCC_WARN_ABOUT_RETURN_TYPE = YES_ERROR;
				GCC_WARN_UNDECLARED_SELECTOR = YES;
				GCC_WARN_UNINITIALIZED_AUTOS = YES_AGGRESSIVE;
				GCC_WARN_UNUSED_FUNCTION = YES;
				GCC_WARN_UNUSED_VARIABLE = YES;
				IPHONEOS_DEPLOYMENT_TARGET = 18.0;
				LOCALIZATION_PREFERS_STRING_CATALOGS = YES;
				MTL_ENABLE_DEBUG_INFO = INCLUDE_SOURCE;
				MTL_FAST_MATH = YES;
				ONLY_ACTIVE_ARCH = YES;
				SDKROOT = iphoneos;
				SWIFT_ACTIVE_COMPILATION_CONDITIONS = "DEBUG $(inherited)";
				SWIFT_OPTIMIZATION_LEVEL = "-Onone";
			};
			name = Debug;
		};
		3120BB3B2CBBBDFC0044BABC /* Release */ = {
			isa = XCBuildConfiguration;
			buildSettings = {
				ALWAYS_SEARCH_USER_PATHS = NO;
				ASSETCATALOG_COMPILER_GENERATE_SWIFT_ASSET_SYMBOL_EXTENSIONS = YES;
				CLANG_ANALYZER_NONNULL = YES;
				CLANG_ANALYZER_NUMBER_OBJECT_CONVERSION = YES_AGGRESSIVE;
				CLANG_CXX_LANGUAGE_STANDARD = "gnu++20";
				CLANG_ENABLE_MODULES = YES;
				CLANG_ENABLE_OBJC_ARC = YES;
				CLANG_ENABLE_OBJC_WEAK = YES;
				CLANG_WARN_BLOCK_CAPTURE_AUTORELEASING = YES;
				CLANG_WARN_BOOL_CONVERSION = YES;
				CLANG_WARN_COMMA = YES;
				CLANG_WARN_CONSTANT_CONVERSION = YES;
				CLANG_WARN_DEPRECATED_OBJC_IMPLEMENTATIONS = YES;
				CLANG_WARN_DIRECT_OBJC_ISA_USAGE = YES_ERROR;
				CLANG_WARN_DOCUMENTATION_COMMENTS = YES;
				CLANG_WARN_EMPTY_BODY = YES;
				CLANG_WARN_ENUM_CONVERSION = YES;
				CLANG_WARN_INFINITE_RECURSION = YES;
				CLANG_WARN_INT_CONVERSION = YES;
				CLANG_WARN_NON_LITERAL_NULL_CONVERSION = YES;
				CLANG_WARN_OBJC_IMPLICIT_RETAIN_SELF = YES;
				CLANG_WARN_OBJC_LITERAL_CONVERSION = YES;
				CLANG_WARN_OBJC_ROOT_CLASS = YES_ERROR;
				CLANG_WARN_QUOTED_INCLUDE_IN_FRAMEWORK_HEADER = YES;
				CLANG_WARN_RANGE_LOOP_ANALYSIS = YES;
				CLANG_WARN_STRICT_PROTOTYPES = YES;
				CLANG_WARN_SUSPICIOUS_MOVE = YES;
				CLANG_WARN_UNGUARDED_AVAILABILITY = YES_AGGRESSIVE;
				CLANG_WARN_UNREACHABLE_CODE = YES;
				CLANG_WARN__DUPLICATE_METHOD_MATCH = YES;
				COPY_PHASE_STRIP = NO;
				DEBUG_INFORMATION_FORMAT = "dwarf-with-dsym";
				ENABLE_NS_ASSERTIONS = NO;
				ENABLE_STRICT_OBJC_MSGSEND = YES;
				ENABLE_USER_SCRIPT_SANDBOXING = YES;
				GCC_C_LANGUAGE_STANDARD = gnu17;
				GCC_NO_COMMON_BLOCKS = YES;
				GCC_WARN_64_TO_32_BIT_CONVERSION = YES;
				GCC_WARN_ABOUT_RETURN_TYPE = YES_ERROR;
				GCC_WARN_UNDECLARED_SELECTOR = YES;
				GCC_WARN_UNINITIALIZED_AUTOS = YES_AGGRESSIVE;
				GCC_WARN_UNUSED_FUNCTION = YES;
				GCC_WARN_UNUSED_VARIABLE = YES;
				IPHONEOS_DEPLOYMENT_TARGET = 18.0;
				LOCALIZATION_PREFERS_STRING_CATALOGS = YES;
				MTL_ENABLE_DEBUG_INFO = NO;
				MTL_FAST_MATH = YES;
				SDKROOT = iphoneos;
				SWIFT_COMPILATION_MODE = wholemodule;
				VALIDATE_PRODUCT = YES;
			};
			name = Release;
		};
		3120BB3D2CBBBDFC0044BABC /* Debug */ = {
			isa = XCBuildConfiguration;
			buildSettings = {
				ASSETCATALOG_COMPILER_APPICON_NAME = AppIcon;
				ASSETCATALOG_COMPILER_GLOBAL_ACCENT_COLOR_NAME = AccentColor;
				CODE_SIGN_STYLE = Automatic;
				CURRENT_PROJECT_VERSION = 1;
				DEVELOPMENT_ASSET_PATHS = "\"MyCarApp/Preview Content\"";
				ENABLE_PREVIEWS = YES;
				GENERATE_INFOPLIST_FILE = YES;
				INFOPLIST_KEY_UIApplicationSceneManifest_Generation = YES;
				INFOPLIST_KEY_UIApplicationSupportsIndirectInputEvents = YES;
				INFOPLIST_KEY_UILaunchScreen_Generation = YES;
				INFOPLIST_KEY_UISupportedInterfaceOrientations_iPad = "UIInterfaceOrientationPortrait UIInterfaceOrientationPortraitUpsideDown UIInterfaceOrientationLandscapeLeft UIInterfaceOrientationLandscapeRight";
				INFOPLIST_KEY_UISupportedInterfaceOrientations_iPhone = "UIInterfaceOrientationPortrait UIInterfaceOrientationLandscapeLeft UIInterfaceOrientationLandscapeRight";
				LD_RUNPATH_SEARCH_PATHS = (
					"$(inherited)",
					"@executable_path/Frameworks",
				);
				MARKETING_VERSION = 1.0;
				PRODUCT_BUNDLE_IDENTIFIER = judoka.MyCarApp;
				PRODUCT_NAME = "$(TARGET_NAME)";
				SWIFT_EMIT_LOC_STRINGS = YES;
				SWIFT_VERSION = 5.0;
				TARGETED_DEVICE_FAMILY = "1,2";
			};
			name = Debug;
		};
		3120BB3E2CBBBDFC0044BABC /* Release */ = {
			isa = XCBuildConfiguration;
			buildSettings = {
				ASSETCATALOG_COMPILER_APPICON_NAME = AppIcon;
				ASSETCATALOG_COMPILER_GLOBAL_ACCENT_COLOR_NAME = AccentColor;
				CODE_SIGN_STYLE = Automatic;
				CURRENT_PROJECT_VERSION = 1;
				DEVELOPMENT_ASSET_PATHS = "\"MyCarApp/Preview Content\"";
				ENABLE_PREVIEWS = YES;
				GENERATE_INFOPLIST_FILE = YES;
				INFOPLIST_KEY_UIApplicationSceneManifest_Generation = YES;
				INFOPLIST_KEY_UIApplicationSupportsIndirectInputEvents = YES;
				INFOPLIST_KEY_UILaunchScreen_Generation = YES;
				INFOPLIST_KEY_UISupportedInterfaceOrientations_iPad = "UIInterfaceOrientationPortrait UIInterfaceOrientationPortraitUpsideDown UIInterfaceOrientationLandscapeLeft UIInterfaceOrientationLandscapeRight";
				INFOPLIST_KEY_UISupportedInterfaceOrientations_iPhone = "UIInterfaceOrientationPortrait UIInterfaceOrientationLandscapeLeft UIInterfaceOrientationLandscapeRight";
				LD_RUNPATH_SEARCH_PATHS = (
					"$(inherited)",
					"@executable_path/Frameworks",
				);
				MARKETING_VERSION = 1.0;
				PRODUCT_BUNDLE_IDENTIFIER = judoka.MyCarApp;
				PRODUCT_NAME = "$(TARGET_NAME)";
				SWIFT_EMIT_LOC_STRINGS = YES;
				SWIFT_VERSION = 5.0;
				TARGETED_DEVICE_FAMILY = "1,2";
			};
			name = Release;
		};
		3120BB402CBBBDFC0044BABC /* Debug */ = {
			isa = XCBuildConfiguration;
			buildSettings = {
				BUNDLE_LOADER = "$(TEST_HOST)";
				CODE_SIGN_STYLE = Automatic;
				CURRENT_PROJECT_VERSION = 1;
				GENERATE_INFOPLIST_FILE = YES;
				IPHONEOS_DEPLOYMENT_TARGET = 18.0;
				MARKETING_VERSION = 1.0;
				PRODUCT_BUNDLE_IDENTIFIER = judoka.MyCarAppTests;
				PRODUCT_NAME = "$(TARGET_NAME)";
				SWIFT_EMIT_LOC_STRINGS = NO;
				SWIFT_VERSION = 5.0;
				TARGETED_DEVICE_FAMILY = "1,2";
				TEST_HOST = "$(BUILT_PRODUCTS_DIR)/MyCarApp.app/$(BUNDLE_EXECUTABLE_FOLDER_PATH)/MyCarApp";
			};
			name = Debug;
		};
		3120BB412CBBBDFC0044BABC /* Release */ = {
			isa = XCBuildConfiguration;
			buildSettings = {
				BUNDLE_LOADER = "$(TEST_HOST)";
				CODE_SIGN_STYLE = Automatic;
				CURRENT_PROJECT_VERSION = 1;
				GENERATE_INFOPLIST_FILE = YES;
				IPHONEOS_DEPLOYMENT_TARGET = 18.0;
				MARKETING_VERSION = 1.0;
				PRODUCT_BUNDLE_IDENTIFIER = judoka.MyCarAppTests;
				PRODUCT_NAME = "$(TARGET_NAME)";
				SWIFT_EMIT_LOC_STRINGS = NO;
				SWIFT_VERSION = 5.0;
				TARGETED_DEVICE_FAMILY = "1,2";
				TEST_HOST = "$(BUILT_PRODUCTS_DIR)/MyCarApp.app/$(BUNDLE_EXECUTABLE_FOLDER_PATH)/MyCarApp";
			};
			name = Release;
		};
		3120BB432CBBBDFC0044BABC /* Debug */ = {
			isa = XCBuildConfiguration;
			buildSettings = {
				CODE_SIGN_STYLE = Automatic;
				CURRENT_PROJECT_VERSION = 1;
				GENERATE_INFOPLIST_FILE = YES;
				MARKETING_VERSION = 1.0;
				PRODUCT_BUNDLE_IDENTIFIER = judoka.MyCarAppUITests;
				PRODUCT_NAME = "$(TARGET_NAME)";
				SWIFT_EMIT_LOC_STRINGS = NO;
				SWIFT_VERSION = 5.0;
				TARGETED_DEVICE_FAMILY = "1,2";
				TEST_TARGET_NAME = MyCarApp;
			};
			name = Debug;
		};
		3120BB442CBBBDFC0044BABC /* Release */ = {
			isa = XCBuildConfiguration;
			buildSettings = {
				CODE_SIGN_STYLE = Automatic;
				CURRENT_PROJECT_VERSION = 1;
				GENERATE_INFOPLIST_FILE = YES;
				MARKETING_VERSION = 1.0;
				PRODUCT_BUNDLE_IDENTIFIER = judoka.MyCarAppUITests;
				PRODUCT_NAME = "$(TARGET_NAME)";
				SWIFT_EMIT_LOC_STRINGS = NO;
				SWIFT_VERSION = 5.0;
				TARGETED_DEVICE_FAMILY = "1,2";
				TEST_TARGET_NAME = MyCarApp;
			};
			name = Release;
		};
/* End XCBuildConfiguration section */

/* Begin XCConfigurationList section */
		3120BB132CBBBDFA0044BABC /* Build configuration list for PBXProject "MyCarApp" */ = {
			isa = XCConfigurationList;
			buildConfigurations = (
				3120BB3A2CBBBDFC0044BABC /* Debug */,
				3120BB3B2CBBBDFC0044BABC /* Release */,
			);
			defaultConfigurationIsVisible = 0;
			defaultConfigurationName = Release;
		};
		3120BB3C2CBBBDFC0044BABC /* Build configuration list for PBXNativeTarget "MyCarApp" */ = {
			isa = XCConfigurationList;
			buildConfigurations = (
				3120BB3D2CBBBDFC0044BABC /* Debug */,
				3120BB3E2CBBBDFC0044BABC /* Release */,
			);
			defaultConfigurationIsVisible = 0;
			defaultConfigurationName = Release;
		};
		3120BB3F2CBBBDFC0044BABC /* Build configuration list for PBXNativeTarget "MyCarAppTests" */ = {
			isa = XCConfigurationList;
			buildConfigurations = (
				3120BB402CBBBDFC0044BABC /* Debug */,
				3120BB412CBBBDFC0044BABC /* Release */,
			);
			defaultConfigurationIsVisible = 0;
			defaultConfigurationName = Release;
		};
		3120BB422CBBBDFC0044BABC /* Build configuration list for PBXNativeTarget "MyCarAppUITests" */ = {
			isa = XCConfigurationList;
			buildConfigurations = (
				3120BB432CBBBDFC0044BABC /* Debug */,
				3120BB442CBBBDFC0044BABC /* Release */,
			);
			defaultConfigurationIsVisible = 0;
			defaultConfigurationName = Release;
		};
/* End XCConfigurationList section */
	};
	rootObject = 3120BB102CBBBDFA0044BABC /* Project object */;
}
